
Microsoft Visual Studio Solution File, Format Version 12.00
# Visual Studio 15
VisualStudioVersion = 15.0.27130.2027
MinimumVisualStudioVersion = 10.0.40219.1
Project("{FAE04EC0-301F-11D3-BF4B-00C04F79EFBC}") = "Simple kalkylator", "Simple kalkylator\Simple kalkylator.csproj", "{149D5758-F347-49F0-AAB7-BBCEFDA45F32}"
EndProject
Global
	GlobalSection(SolutionConfigurationPlatforms) = preSolution
		Debug|Any CPU = Debug|Any CPU
		Release|Any CPU = Release|Any CPU
	EndGlobalSection
	GlobalSection(ProjectConfigurationPlatforms) = postSolution
		{149D5758-F347-49F0-AAB7-BBCEFDA45F32}.Debug|Any CPU.ActiveCfg = Debug|Any CPU
		{149D5758-F347-49F0-AAB7-BBCEFDA45F32}.Debug|Any CPU.Build.0 = Debug|Any CPU
		{149D5758-F347-49F0-AAB7-BBCEFDA45F32}.Release|Any CPU.ActiveCfg = Release|Any CPU
		{149D5758-F347-49F0-AAB7-BBCEFDA45F32}.Release|Any CPU.Build.0 = Release|Any CPU
	EndGlobalSection
	GlobalSection(SolutionProperties) = preSolution
		HideSolutionNode = FALSE
	EndGlobalSection
	GlobalSection(ExtensibilityGlobals) = postSolution
		SolutionGuid = {6DF8B94E-79DD-44B2-B0E8-390530357EE6}
	EndGlobalSection
EndGlobal
